{
  "nodes": {
    "cim": {
      "inputs": {
        "flake-utils": "flake-utils",
        "nixpkgs": "nixpkgs",
        "online_lib": [
          "eigen_integrations"
        ]
      },
      "locked": {
        "lastModified": 1663148806,
        "narHash": "sha256-cNEGyFQbey/faMpfuog/gPy2xUApnvyNV+b0zeEJk7Q=",
        "ref": "master",
        "rev": "39177907398755469b7778697f5cfd0b5e9a544b",
        "revCount": 3,
        "type": "git",
        "url": "http://10.0.0.1:3000/aethan/ContourIntegralMethod"
      },
      "original": {
        "type": "git",
        "url": "http://10.0.0.1:3000/aethan/ContourIntegralMethod"
      }
    },
    "eigen_integrations": {
      "inputs": {
        "flake-utils": "flake-utils_2",
        "nixpkgs": "nixpkgs_2",
        "universal_patch": "universal_patch",
        "universal_src": "universal_src"
      },
      "locked": {
        "lastModified": 1661690663,
        "narHash": "sha256-9hbO56YB/QZRigzodMgb5HsKG2Q7tFQxlZO4oecDxo4=",
        "ref": "master",
        "rev": "f92ceb4e19d45f44df7dbc61d4a9ca36f9705cff",
        "revCount": 21,
        "type": "git",
        "url": "http://10.0.0.1:3000/aethan/EigenPositIntegration"
      },
      "original": {
        "type": "git",
        "url": "http://10.0.0.1:3000/aethan/EigenPositIntegration"
      }
    },
    "flake-utils": {
      "locked": {
        "lastModified": 1656928814,
        "narHash": "sha256-RIFfgBuKz6Hp89yRr7+NR5tzIAbn52h8vT6vXkYjZoM=",
        "owner": "numtide",
        "repo": "flake-utils",
        "rev": "7e2a3b3dfd9af950a856d66b0a7d01e3c18aa249",
        "type": "github"
      },
      "original": {
        "owner": "numtide",
        "repo": "flake-utils",
        "type": "github"
      }
    },
    "flake-utils_2": {
      "locked": {
        "lastModified": 1656928814,
        "narHash": "sha256-RIFfgBuKz6Hp89yRr7+NR5tzIAbn52h8vT6vXkYjZoM=",
        "owner": "numtide",
        "repo": "flake-utils",
        "rev": "7e2a3b3dfd9af950a856d66b0a7d01e3c18aa249",
        "type": "github"
      },
      "original": {
        "owner": "numtide",
        "repo": "flake-utils",
        "type": "github"
      }
    },
    "flake-utils_3": {
      "locked": {
        "lastModified": 1656928814,
        "narHash": "sha256-RIFfgBuKz6Hp89yRr7+NR5tzIAbn52h8vT6vXkYjZoM=",
        "owner": "numtide",
        "repo": "flake-utils",
        "rev": "7e2a3b3dfd9af950a856d66b0a7d01e3c18aa249",
        "type": "github"
      },
      "original": {
        "owner": "numtide",
        "repo": "flake-utils",
        "type": "github"
      }
    },
    "flake-utils_4": {
      "locked": {
        "lastModified": 1656928814,
        "narHash": "sha256-RIFfgBuKz6Hp89yRr7+NR5tzIAbn52h8vT6vXkYjZoM=",
        "owner": "numtide",
        "repo": "flake-utils",
        "rev": "7e2a3b3dfd9af950a856d66b0a7d01e3c18aa249",
        "type": "github"
      },
      "original": {
        "owner": "numtide",
        "repo": "flake-utils",
        "type": "github"
      }
    },
    "krylov": {
      "inputs": {
        "flake-utils": "flake-utils_4",
        "nixpkgs": "nixpkgs_3",
        "online_lib": [
          "eigen_integrations"
        ]
      },
      "locked": {
        "lastModified": 1663148756,
        "narHash": "sha256-QiSmV5Urb/f6bQI0svQ+7n+1ER4xpKTKOkLilmG2oM0=",
        "ref": "master",
        "rev": "f3aed726b22d45ed14ff4329c12dd6d51ad9c3f1",
        "revCount": 8,
        "type": "git",
        "url": "http://10.0.0.1:3000/aethan/KrylovSolvers"
      },
      "original": {
        "type": "git",
        "url": "http://10.0.0.1:3000/aethan/KrylovSolvers"
      }
    },
    "nixpkgs": {
      "locked": {
        "lastModified": 1657125275,
        "narHash": "sha256-fTAsYM5Zc+57kaiHH7jRskls5YkKTyyQBBWv0BXF3XM=",
        "owner": "NixOS",
        "repo": "nixpkgs",
        "rev": "5754b3bf616465dc79b0d2ae2075283722bcd39d",
        "type": "github"
      },
      "original": {
        "owner": "NixOS",
        "ref": "release-22.05",
        "repo": "nixpkgs",
        "type": "github"
      }
    },
    "nixpkgs_2": {
      "locked": {
        "lastModified": 1656955776,
        "narHash": "sha256-1aMu67m+orlGxVwfiX3RxTEVFoq/RmKa/L5u9zU3UNQ=",
        "owner": "NixOS",
        "repo": "nixpkgs",
        "rev": "cc16da2c92041cbe817c40f62aac87c99104e9c2",
        "type": "github"
      },
      "original": {
        "owner": "NixOS",
        "ref": "release-22.05",
        "repo": "nixpkgs",
        "type": "github"
      }
    },
    "nixpkgs_3": {
      "locked": {
        "lastModified": 1657027964,
        "narHash": "sha256-jseM2zvERPZe5yErbc3wrd6wK8gp0f+e18KJngs5qlo=",
        "owner": "NixOS",
        "repo": "nixpkgs",
        "rev": "9e96b1562d67a90ca2f7cfb919f1e86b76a65a2c",
        "type": "github"
      },
      "original": {
        "owner": "NixOS",
        "ref": "release-22.05",
        "repo": "nixpkgs",
        "type": "github"
      }
    },
    "nixpkgs_4": {
      "locked": {
        "lastModified": 1657497229,
        "narHash": "sha256-au1DERJ/lByijut4hdRcnU9FqL/BONWQWUJ/QbHH/dc=",
        "owner": "NixOS",
        "repo": "nixpkgs",
        "rev": "1b69bbdd35d168d51aa0fc647c584cf00ba62454",
        "type": "github"
      },
      "original": {
        "owner": "NixOS",
        "ref": "release-22.05",
        "repo": "nixpkgs",
        "type": "github"
      }
    },
    "root": {
      "inputs": {
        "cim": "cim",
        "eigen_integrations": "eigen_integrations",
        "flake-utils": "flake-utils_3",
        "krylov": "krylov",
        "nixpkgs": "nixpkgs_4"
      }
    },
    "universal_patch": {
      "flake": false,
      "locked": {
        "narHash": "sha256-3GpOT3RHFGTNdTXL+XjqKRnm6iONiO5SD4LtjaCiEwM=",
        "path": "./patch",
        "type": "path"
      },
      "original": {
        "path": "./patch",
        "type": "path"
      }
    },
    "universal_src": {
      "flake": false,
      "locked": {
        "lastModified": 1656966993,
        "narHash": "sha256-jm6tRYMlmv+SxbNkaVCH6GmkcfHmwq3PEqwBMzJBySo=",
        "owner": "stillwater-sc",
        "repo": "universal",
        "rev": "3504810583f4625f9bce998ae5346a6a2ae430ab",
        "type": "github"
      },
      "original": {
        "owner": "stillwater-sc",
        "repo": "universal",
        "type": "github"
      }
    }
  },
  "root": "root",
  "version": 7
}
