{
  "nodes": {
    "cim": {
      "inputs": {
        "flake-utils": "flake-utils",
        "nixpkgs": "nixpkgs",
        "online_lib": "online_lib"
      },
      "locked": {
        "lastModified": 1657140988,
        "narHash": "sha256-garinfNbq13HbvmT2T4NMmMLjVOpx7LyaJdLtK9PIns=",
        "ref": "master",
        "rev": "a10fd2cb9be1aaebf9d66d1f0a1488ae5b152aec",
        "revCount": 1,
        "type": "git",
        "url": "http://10.0.0.1:3000/aethan/ContourIntegralMethod"
      },
      "original": {
        "type": "git",
        "url": "http://10.0.0.1:3000/aethan/ContourIntegralMethod"
      }
    },
    "flake-utils": {
      "locked": {
        "lastModified": 1656928814,
        "narHash": "sha256-RIFfgBuKz6Hp89yRr7+NR5tzIAbn52h8vT6vXkYjZoM=",
        "owner": "numtide",
        "repo": "flake-utils",
        "rev": "7e2a3b3dfd9af950a856d66b0a7d01e3c18aa249",
        "type": "github"
      },
      "original": {
        "owner": "numtide",
        "repo": "flake-utils",
        "type": "github"
      }
    },
    "flake-utils_2": {
      "locked": {
        "lastModified": 1656928814,
        "narHash": "sha256-RIFfgBuKz6Hp89yRr7+NR5tzIAbn52h8vT6vXkYjZoM=",
        "owner": "numtide",
        "repo": "flake-utils",
        "rev": "7e2a3b3dfd9af950a856d66b0a7d01e3c18aa249",
        "type": "github"
      },
      "original": {
        "owner": "numtide",
        "repo": "flake-utils",
        "type": "github"
      }
    },
    "flake-utils_3": {
      "locked": {
        "lastModified": 1656928814,
        "narHash": "sha256-RIFfgBuKz6Hp89yRr7+NR5tzIAbn52h8vT6vXkYjZoM=",
        "owner": "numtide",
        "repo": "flake-utils",
        "rev": "7e2a3b3dfd9af950a856d66b0a7d01e3c18aa249",
        "type": "github"
      },
      "original": {
        "owner": "numtide",
        "repo": "flake-utils",
        "type": "github"
      }
    },
    "flake-utils_4": {
      "locked": {
        "lastModified": 1656928814,
        "narHash": "sha256-RIFfgBuKz6Hp89yRr7+NR5tzIAbn52h8vT6vXkYjZoM=",
        "owner": "numtide",
        "repo": "flake-utils",
        "rev": "7e2a3b3dfd9af950a856d66b0a7d01e3c18aa249",
        "type": "github"
      },
      "original": {
        "owner": "numtide",
        "repo": "flake-utils",
        "type": "github"
      }
    },
    "flake-utils_5": {
      "locked": {
        "lastModified": 1656928814,
        "narHash": "sha256-RIFfgBuKz6Hp89yRr7+NR5tzIAbn52h8vT6vXkYjZoM=",
        "owner": "numtide",
        "repo": "flake-utils",
        "rev": "7e2a3b3dfd9af950a856d66b0a7d01e3c18aa249",
        "type": "github"
      },
      "original": {
        "owner": "numtide",
        "repo": "flake-utils",
        "type": "github"
      }
    },
    "krylov": {
      "inputs": {
        "flake-utils": "flake-utils_4",
        "nixpkgs": "nixpkgs_3",
        "online_lib": "online_lib_2"
      },
      "locked": {
        "lastModified": 1657134785,
        "narHash": "sha256-5o6dK81PrIBkUvY/nPrz1V9yICmTwYf/fG61HbLEyx8=",
        "ref": "master",
        "rev": "6219658f163a72d2415795d1e22b6fd1cb9bd609",
        "revCount": 2,
        "type": "git",
        "url": "http://10.0.0.1:3000/aethan/KrylovSolvers"
      },
      "original": {
        "type": "git",
        "url": "http://10.0.0.1:3000/aethan/KrylovSolvers"
      }
    },
    "nixpkgs": {
      "locked": {
        "lastModified": 1657125275,
        "narHash": "sha256-fTAsYM5Zc+57kaiHH7jRskls5YkKTyyQBBWv0BXF3XM=",
        "owner": "NixOS",
        "repo": "nixpkgs",
        "rev": "5754b3bf616465dc79b0d2ae2075283722bcd39d",
        "type": "github"
      },
      "original": {
        "owner": "NixOS",
        "ref": "release-22.05",
        "repo": "nixpkgs",
        "type": "github"
      }
    },
    "nixpkgs_2": {
      "locked": {
        "lastModified": 1656955776,
        "narHash": "sha256-1aMu67m+orlGxVwfiX3RxTEVFoq/RmKa/L5u9zU3UNQ=",
        "owner": "NixOS",
        "repo": "nixpkgs",
        "rev": "cc16da2c92041cbe817c40f62aac87c99104e9c2",
        "type": "github"
      },
      "original": {
        "owner": "NixOS",
        "ref": "release-22.05",
        "repo": "nixpkgs",
        "type": "github"
      }
    },
    "nixpkgs_3": {
      "locked": {
        "lastModified": 1657027964,
        "narHash": "sha256-jseM2zvERPZe5yErbc3wrd6wK8gp0f+e18KJngs5qlo=",
        "owner": "NixOS",
        "repo": "nixpkgs",
        "rev": "9e96b1562d67a90ca2f7cfb919f1e86b76a65a2c",
        "type": "github"
      },
      "original": {
        "owner": "NixOS",
        "ref": "release-22.05",
        "repo": "nixpkgs",
        "type": "github"
      }
    },
    "nixpkgs_4": {
      "locked": {
        "lastModified": 1656955776,
        "narHash": "sha256-1aMu67m+orlGxVwfiX3RxTEVFoq/RmKa/L5u9zU3UNQ=",
        "owner": "NixOS",
        "repo": "nixpkgs",
        "rev": "cc16da2c92041cbe817c40f62aac87c99104e9c2",
        "type": "github"
      },
      "original": {
        "owner": "NixOS",
        "ref": "release-22.05",
        "repo": "nixpkgs",
        "type": "github"
      }
    },
    "nixpkgs_5": {
      "locked": {
        "lastModified": 1657153004,
        "narHash": "sha256-YnDsYy0SDGGZGUTNa20WpEfDfM/IistzH0xZxScFtNA=",
        "owner": "NixOS",
        "repo": "nixpkgs",
        "rev": "a2bbab359f6d544f093265592a038ba9eedcd222",
        "type": "github"
      },
      "original": {
        "owner": "NixOS",
        "ref": "release-22.05",
        "repo": "nixpkgs",
        "type": "github"
      }
    },
    "online_lib": {
      "inputs": {
        "flake-utils": "flake-utils_2",
        "nixpkgs": "nixpkgs_2",
        "universal_patch": "universal_patch",
        "universal_src": "universal_src"
      },
      "locked": {
        "lastModified": 1657134978,
        "narHash": "sha256-HE5o+tY0zBwFv8T5GcLiDs41YKzOb5XYedSIM8rLjTs=",
        "ref": "master",
        "rev": "fa642fb8d7e7688899e8038b78f776c04e9b4678",
        "revCount": 4,
        "type": "git",
        "url": "http://10.0.0.1:3000/aethan/EigenPositIntegration.git"
      },
      "original": {
        "type": "git",
        "url": "http://10.0.0.1:3000/aethan/EigenPositIntegration.git"
      }
    },
    "online_lib_2": {
      "inputs": {
        "flake-utils": "flake-utils_5",
        "nixpkgs": "nixpkgs_4",
        "universal_patch": "universal_patch_2",
        "universal_src": "universal_src_2"
      },
      "locked": {
        "lastModified": 1657013670,
        "narHash": "sha256-3/beKdQV6Snf+nWMf8qF/sMofBlL92Ch8wBBfjavm7M=",
        "ref": "master",
        "rev": "3bd690daa8cd095cef0eb5871a00b31f6047eaee",
        "revCount": 3,
        "type": "git",
        "url": "http://10.0.0.1:3000/aethan/EigenPositIntegration.git"
      },
      "original": {
        "type": "git",
        "url": "http://10.0.0.1:3000/aethan/EigenPositIntegration.git"
      }
    },
    "root": {
      "inputs": {
        "cim": "cim",
        "flake-utils": "flake-utils_3",
        "krylov": "krylov",
        "nixpkgs": "nixpkgs_5"
      }
    },
    "universal_patch": {
      "flake": false,
      "locked": {
        "narHash": "sha256-3GpOT3RHFGTNdTXL+XjqKRnm6iONiO5SD4LtjaCiEwM=",
        "path": "./patch",
        "type": "path"
      },
      "original": {
        "path": "./patch",
        "type": "path"
      }
    },
    "universal_patch_2": {
      "flake": false,
      "locked": {
        "narHash": "sha256-3GpOT3RHFGTNdTXL+XjqKRnm6iONiO5SD4LtjaCiEwM=",
        "path": "./patch",
        "type": "path"
      },
      "original": {
        "path": "./patch",
        "type": "path"
      }
    },
    "universal_src": {
      "flake": false,
      "locked": {
        "lastModified": 1656966993,
        "narHash": "sha256-jm6tRYMlmv+SxbNkaVCH6GmkcfHmwq3PEqwBMzJBySo=",
        "owner": "stillwater-sc",
        "repo": "universal",
        "rev": "3504810583f4625f9bce998ae5346a6a2ae430ab",
        "type": "github"
      },
      "original": {
        "owner": "stillwater-sc",
        "repo": "universal",
        "type": "github"
      }
    },
    "universal_src_2": {
      "flake": false,
      "locked": {
        "lastModified": 1656966993,
        "narHash": "sha256-jm6tRYMlmv+SxbNkaVCH6GmkcfHmwq3PEqwBMzJBySo=",
        "owner": "stillwater-sc",
        "repo": "universal",
        "rev": "3504810583f4625f9bce998ae5346a6a2ae430ab",
        "type": "github"
      },
      "original": {
        "owner": "stillwater-sc",
        "repo": "universal",
        "type": "github"
      }
    }
  },
  "root": "root",
  "version": 7
}
